lockfileVersion: '9.0'

settings:
  autoInstallPeers: true
  excludeLinksFromLockfile: false

importers:

  .:
    dependencies:
      '@radix-ui/react-select':
        specifier: ^2.1.2
        version: 2.1.2(react-dom@18.3.1(react@18.3.1))(react@18.3.1)

packages:

  '@floating-ui/core@1.6.8':
    resolution: {integrity: sha512-7XJ9cPU+yI2QeLS+FCSlqNFZJq8arvswefkZrYI1yQBbftw6FyrZOxYSh+9S7z7TpeWlRt9zJ5IhM1WIL334jA==}

  '@floating-ui/dom@1.6.12':
    resolution: {integrity: sha512-NP83c0HjokcGVEMeoStg317VD9W7eDlGK7457dMBANbKA6GJZdc7rjujdgqzTaz93jkGgc5P/jeWbaCHnMNc+w==}

  '@floating-ui/react-dom@2.1.2':
    resolution: {integrity: sha512-06okr5cgPzMNBy+Ycse2A6udMi4bqwW/zgBF/rwjcNqWkyr82Mcg8b0vjX8OJpZFy/FKjJmw6wV7t44kK6kW7A==}
    peerDependencies:
      react: '>=16.8.0'
      react-dom: '>=16.8.0'

  '@floating-ui/utils@0.2.8':
    resolution: {integrity: sha512-kym7SodPp8/wloecOpcmSnWJsK7M0E5Wg8UcFA+uO4B9s5d0ywXOEro/8HM9x0rW+TljRzul/14UYz3TleT3ig==}

  '@radix-ui/number@1.1.0':
    resolution: {integrity: sha512-V3gRzhVNU1ldS5XhAPTom1fOIo4ccrjjJgmE+LI2h/WaFpHmx0MQApT+KZHnx8abG6Avtfcz4WoEciMnpFT3HQ==}

  '@radix-ui/primitive@1.1.0':
    resolution: {integrity: sha512-4Z8dn6Upk0qk4P74xBhZ6Hd/w0mPEzOOLxy4xiPXOXqjF7jZS0VAKk7/x/H6FyY2zCkYJqePf1G5KmkmNJ4RBA==}

  '@radix-ui/react-arrow@1.1.0':
    resolution: {integrity: sha512-FmlW1rCg7hBpEBwFbjHwCW6AmWLQM6g/v0Sn8XbP9NvmSZ2San1FpQeyPtufzOMSIx7Y4dzjlHoifhp+7NkZhw==}
    peerDependencies:
      '@types/react': '*'
      '@types/react-dom': '*'
      react: ^16.8 || ^17.0 || ^18.0 || ^19.0 || ^19.0.0-rc
      react-dom: ^16.8 || ^17.0 || ^18.0 || ^19.0 || ^19.0.0-rc
    peerDependenciesMeta:
      '@types/react':
        optional: true
      '@types/react-dom':
        optional: true

  '@radix-ui/react-collection@1.1.0':
    resolution: {integrity: sha512-GZsZslMJEyo1VKm5L1ZJY8tGDxZNPAoUeQUIbKeJfoi7Q4kmig5AsgLMYYuyYbfjd8fBmFORAIwYAkXMnXZgZw==}
    peerDependencies:
      '@types/react': '*'
      '@types/react-dom': '*'
      react: ^16.8 || ^17.0 || ^18.0 || ^19.0 || ^19.0.0-rc
      react-dom: ^16.8 || ^17.0 || ^18.0 || ^19.0 || ^19.0.0-rc
    peerDependenciesMeta:
      '@types/react':
        optional: true
      '@types/react-dom':
        optional: true

  '@radix-ui/react-compose-refs@1.1.0':
    resolution: {integrity: sha512-b4inOtiaOnYf9KWyO3jAeeCG6FeyfY6ldiEPanbUjWd+xIk5wZeHa8yVwmrJ2vderhu/BQvzCrJI0lHd+wIiqw==}
    peerDependencies:
      '@types/react': '*'
      react: ^16.8 || ^17.0 || ^18.0 || ^19.0 || ^19.0.0-rc
    peerDependenciesMeta:
      '@types/react':
        optional: true

  '@radix-ui/react-context@1.1.0':
    resolution: {integrity: sha512-OKrckBy+sMEgYM/sMmqmErVn0kZqrHPJze+Ql3DzYsDDp0hl0L62nx/2122/Bvps1qz645jlcu2tD9lrRSdf8A==}
    peerDependencies:
      '@types/react': '*'
      react: ^16.8 || ^17.0 || ^18.0 || ^19.0 || ^19.0.0-rc
    peerDependenciesMeta:
      '@types/react':
        optional: true

  '@radix-ui/react-context@1.1.1':
    resolution: {integrity: sha512-UASk9zi+crv9WteK/NU4PLvOoL3OuE6BWVKNF6hPRBtYBDXQ2u5iu3O59zUlJiTVvkyuycnqrztsHVJwcK9K+Q==}
    peerDependencies:
      '@types/react': '*'
      react: ^16.8 || ^17.0 || ^18.0 || ^19.0 || ^19.0.0-rc
    peerDependenciesMeta:
      '@types/react':
        optional: true

  '@radix-ui/react-direction@1.1.0':
    resolution: {integrity: sha512-BUuBvgThEiAXh2DWu93XsT+a3aWrGqolGlqqw5VU1kG7p/ZH2cuDlM1sRLNnY3QcBS69UIz2mcKhMxDsdewhjg==}
    peerDependencies:
      '@types/react': '*'
      react: ^16.8 || ^17.0 || ^18.0 || ^19.0 || ^19.0.0-rc
    peerDependenciesMeta:
      '@types/react':
        optional: true

  '@radix-ui/react-dismissable-layer@1.1.1':
    resolution: {integrity: sha512-QSxg29lfr/xcev6kSz7MAlmDnzbP1eI/Dwn3Tp1ip0KT5CUELsxkekFEMVBEoykI3oV39hKT4TKZzBNMbcTZYQ==}
    peerDependencies:
      '@types/react': '*'
      '@types/react-dom': '*'
      react: ^16.8 || ^17.0 || ^18.0 || ^19.0 || ^19.0.0-rc
      react-dom: ^16.8 || ^17.0 || ^18.0 || ^19.0 || ^19.0.0-rc
    peerDependenciesMeta:
      '@types/react':
        optional: true
      '@types/react-dom':
        optional: true

  '@radix-ui/react-focus-guards@1.1.1':
    resolution: {integrity: sha512-pSIwfrT1a6sIoDASCSpFwOasEwKTZWDw/iBdtnqKO7v6FeOzYJ7U53cPzYFVR3geGGXgVHaH+CdngrrAzqUGxg==}
    peerDependencies:
      '@types/react': '*'
      react: ^16.8 || ^17.0 || ^18.0 || ^19.0 || ^19.0.0-rc
    peerDependenciesMeta:
      '@types/react':
        optional: true

  '@radix-ui/react-focus-scope@1.1.0':
    resolution: {integrity: sha512-200UD8zylvEyL8Bx+z76RJnASR2gRMuxlgFCPAe/Q/679a/r0eK3MBVYMb7vZODZcffZBdob1EGnky78xmVvcA==}
    peerDependencies:
      '@types/react': '*'
      '@types/react-dom': '*'
      react: ^16.8 || ^17.0 || ^18.0 || ^19.0 || ^19.0.0-rc
      react-dom: ^16.8 || ^17.0 || ^18.0 || ^19.0 || ^19.0.0-rc
    peerDependenciesMeta:
      '@types/react':
        optional: true
      '@types/react-dom':
        optional: true

  '@radix-ui/react-id@1.1.0':
    resolution: {integrity: sha512-EJUrI8yYh7WOjNOqpoJaf1jlFIH2LvtgAl+YcFqNCa+4hj64ZXmPkAKOFs/ukjz3byN6bdb/AVUqHkI8/uWWMA==}
    peerDependencies:
      '@types/react': '*'
      react: ^16.8 || ^17.0 || ^18.0 || ^19.0 || ^19.0.0-rc
    peerDependenciesMeta:
      '@types/react':
        optional: true

  '@radix-ui/react-popper@1.2.0':
    resolution: {integrity: sha512-ZnRMshKF43aBxVWPWvbj21+7TQCvhuULWJ4gNIKYpRlQt5xGRhLx66tMp8pya2UkGHTSlhpXwmjqltDYHhw7Vg==}
    peerDependencies:
      '@types/react': '*'
      '@types/react-dom': '*'
      react: ^16.8 || ^17.0 || ^18.0 || ^19.0 || ^19.0.0-rc
      react-dom: ^16.8 || ^17.0 || ^18.0 || ^19.0 || ^19.0.0-rc
    peerDependenciesMeta:
      '@types/react':
        optional: true
      '@types/react-dom':
        optional: true

  '@radix-ui/react-portal@1.1.2':
    resolution: {integrity: sha512-WeDYLGPxJb/5EGBoedyJbT0MpoULmwnIPMJMSldkuiMsBAv7N1cRdsTWZWht9vpPOiN3qyiGAtbK2is47/uMFg==}
    peerDependencies:
      '@types/react': '*'
      '@types/react-dom': '*'
      react: ^16.8 || ^17.0 || ^18.0 || ^19.0 || ^19.0.0-rc
      react-dom: ^16.8 || ^17.0 || ^18.0 || ^19.0 || ^19.0.0-rc
    peerDependenciesMeta:
      '@types/react':
        optional: true
      '@types/react-dom':
        optional: true

  '@radix-ui/react-primitive@2.0.0':
    resolution: {integrity: sha512-ZSpFm0/uHa8zTvKBDjLFWLo8dkr4MBsiDLz0g3gMUwqgLHz9rTaRRGYDgvZPtBJgYCBKXkS9fzmoySgr8CO6Cw==}
    peerDependencies:
      '@types/react': '*'
      '@types/react-dom': '*'
      react: ^16.8 || ^17.0 || ^18.0 || ^19.0 || ^19.0.0-rc
      react-dom: ^16.8 || ^17.0 || ^18.0 || ^19.0 || ^19.0.0-rc
    peerDependenciesMeta:
      '@types/react':
        optional: true
      '@types/react-dom':
        optional: true

  '@radix-ui/react-select@2.1.2':
    resolution: {integrity: sha512-rZJtWmorC7dFRi0owDmoijm6nSJH1tVw64QGiNIZ9PNLyBDtG+iAq+XGsya052At4BfarzY/Dhv9wrrUr6IMZA==}
    peerDependencies:
      '@types/react': '*'
      '@types/react-dom': '*'
      react: ^16.8 || ^17.0 || ^18.0 || ^19.0 || ^19.0.0-rc
      react-dom: ^16.8 || ^17.0 || ^18.0 || ^19.0 || ^19.0.0-rc
    peerDependenciesMeta:
      '@types/react':
        optional: true
      '@types/react-dom':
        optional: true

  '@radix-ui/react-slot@1.1.0':
    resolution: {integrity: sha512-FUCf5XMfmW4dtYl69pdS4DbxKy8nj4M7SafBgPllysxmdachynNflAdp/gCsnYWNDnge6tI9onzMp5ARYc1KNw==}
    peerDependencies:
      '@types/react': '*'
      react: ^16.8 || ^17.0 || ^18.0 || ^19.0 || ^19.0.0-rc
    peerDependenciesMeta:
      '@types/react':
        optional: true

  '@radix-ui/react-use-callback-ref@1.1.0':
    resolution: {integrity: sha512-CasTfvsy+frcFkbXtSJ2Zu9JHpN8TYKxkgJGWbjiZhFivxaeW7rMeZt7QELGVLaYVfFMsKHjb7Ak0nMEe+2Vfw==}
    peerDependencies:
      '@types/react': '*'
      react: ^16.8 || ^17.0 || ^18.0 || ^19.0 || ^19.0.0-rc
    peerDependenciesMeta:
      '@types/react':
        optional: true

  '@radix-ui/react-use-controllable-state@1.1.0':
    resolution: {integrity: sha512-MtfMVJiSr2NjzS0Aa90NPTnvTSg6C/JLCV7ma0W6+OMV78vd8OyRpID+Ng9LxzsPbLeuBnWBA1Nq30AtBIDChw==}
    peerDependencies:
      '@types/react': '*'
      react: ^16.8 || ^17.0 || ^18.0 || ^19.0 || ^19.0.0-rc
    peerDependenciesMeta:
      '@types/react':
        optional: true

  '@radix-ui/react-use-escape-keydown@1.1.0':
    resolution: {integrity: sha512-L7vwWlR1kTTQ3oh7g1O0CBF3YCyyTj8NmhLR+phShpyA50HCfBFKVJTpshm9PzLiKmehsrQzTYTpX9HvmC9rhw==}
    peerDependencies:
      '@types/react': '*'
      react: ^16.8 || ^17.0 || ^18.0 || ^19.0 || ^19.0.0-rc
    peerDependenciesMeta:
      '@types/react':
        optional: true

  '@radix-ui/react-use-layout-effect@1.1.0':
    resolution: {integrity: sha512-+FPE0rOdziWSrH9athwI1R0HDVbWlEhd+FR+aSDk4uWGmSJ9Z54sdZVDQPZAinJhJXwfT+qnj969mCsT2gfm5w==}
    peerDependencies:
      '@types/react': '*'
      react: ^16.8 || ^17.0 || ^18.0 || ^19.0 || ^19.0.0-rc
    peerDependenciesMeta:
      '@types/react':
        optional: true

  '@radix-ui/react-use-previous@1.1.0':
    resolution: {integrity: sha512-Z/e78qg2YFnnXcW88A4JmTtm4ADckLno6F7OXotmkQfeuCVaKuYzqAATPhVzl3delXE7CxIV8shofPn3jPc5Og==}
    peerDependencies:
      '@types/react': '*'
      react: ^16.8 || ^17.0 || ^18.0 || ^19.0 || ^19.0.0-rc
    peerDependenciesMeta:
      '@types/react':
        optional: true

  '@radix-ui/react-use-rect@1.1.0':
    resolution: {integrity: sha512-0Fmkebhr6PiseyZlYAOtLS+nb7jLmpqTrJyv61Pe68MKYW6OWdRE2kI70TaYY27u7H0lajqM3hSMMLFq18Z7nQ==}
    peerDependencies:
      '@types/react': '*'
      react: ^16.8 || ^17.0 || ^18.0 || ^19.0 || ^19.0.0-rc
    peerDependenciesMeta:
      '@types/react':
        optional: true

  '@radix-ui/react-use-size@1.1.0':
    resolution: {integrity: sha512-XW3/vWuIXHa+2Uwcc2ABSfcCledmXhhQPlGbfcRXbiUQI5Icjcg19BGCZVKKInYbvUCut/ufbbLLPFC5cbb1hw==}
    peerDependencies:
      '@types/react': '*'
      react: ^16.8 || ^17.0 || ^18.0 || ^19.0 || ^19.0.0-rc
    peerDependenciesMeta:
      '@types/react':
        optional: true

  '@radix-ui/react-visually-hidden@1.1.0':
    resolution: {integrity: sha512-N8MDZqtgCgG5S3aV60INAB475osJousYpZ4cTJ2cFbMpdHS5Y6loLTH8LPtkj2QN0x93J30HT/M3qJXM0+lyeQ==}
    peerDependencies:
      '@types/react': '*'
      '@types/react-dom': '*'
      react: ^16.8 || ^17.0 || ^18.0 || ^19.0 || ^19.0.0-rc
      react-dom: ^16.8 || ^17.0 || ^18.0 || ^19.0 || ^19.0.0-rc
    peerDependenciesMeta:
      '@types/react':
        optional: true
      '@types/react-dom':
        optional: true

  '@radix-ui/rect@1.1.0':
    resolution: {integrity: sha512-A9+lCBZoaMJlVKcRBz2YByCG+Cp2t6nAnMnNba+XiWxnj6r4JUFqfsgwocMBZU9LPtdxC6wB56ySYpc7LQIoJg==}

  aria-hidden@1.2.4:
    resolution: {integrity: sha512-y+CcFFwelSXpLZk/7fMB2mUbGtX9lKycf1MWJ7CaTIERyitVlyQx6C+sxcROU2BAJ24OiZyK+8wj2i8AlBoS3A==}
    engines: {node: '>=10'}

  detect-node-es@1.1.0:
    resolution: {integrity: sha512-ypdmJU/TbBby2Dxibuv7ZLW3Bs1QEmM7nHjEANfohJLvE0XVujisn1qPJcZxg+qDucsr+bP6fLD1rPS3AhJ7EQ==}

  get-nonce@1.0.1:
    resolution: {integrity: sha512-FJhYRoDaiatfEkUK8HKlicmu/3SGFD51q3itKDGoSTysQJBnfOcxU5GxnhE1E6soB76MbT0MBtnKJuXyAx+96Q==}
    engines: {node: '>=6'}

  invariant@2.2.4:
    resolution: {integrity: sha512-phJfQVBuaJM5raOpJjSfkiD6BpbCE4Ns//LaXl6wGYtUBY83nWS6Rf9tXm2e8VaK60JEjYldbPif/A2B1C2gNA==}

  js-tokens@4.0.0:
    resolution: {integrity: sha512-RdJUflcE3cUzKiMqQgsCu06FPu9UdIJO0beYbPhHN4k6apgJtifcoCtT9bcxOpYBtpD2kCM6Sbzg4CausW/PKQ==}

  loose-envify@1.4.0:
    resolution: {integrity: sha512-lyuxPGr/Wfhrlem2CL/UcnUc1zcqKAImBDzukY7Y5F/yQiNdko6+fRLevlw1HgMySw7f611UIY408EtxRSoK3Q==}
    hasBin: true

  react-dom@18.3.1:
    resolution: {integrity: sha512-5m4nQKp+rZRb09LNH59GM4BxTh9251/ylbKIbpe7TpGxfJ+9kv6BLkLBXIjjspbgbnIBNqlI23tRnTWT0snUIw==}
    peerDependencies:
      react: ^18.3.1

  react-remove-scroll-bar@2.3.6:
    resolution: {integrity: sha512-DtSYaao4mBmX+HDo5YWYdBWQwYIQQshUV/dVxFxK+KM26Wjwp1gZ6rv6OC3oujI6Bfu6Xyg3TwK533AQutsn/g==}
    engines: {node: '>=10'}
    peerDependencies:
      '@types/react': ^16.8.0 || ^17.0.0 || ^18.0.0
      react: ^16.8.0 || ^17.0.0 || ^18.0.0
    peerDependenciesMeta:
      '@types/react':
        optional: true

  react-remove-scroll@2.6.0:
    resolution: {integrity: sha512-I2U4JVEsQenxDAKaVa3VZ/JeJZe0/2DxPWL8Tj8yLKctQJQiZM52pn/GWFpSp8dftjM3pSAHVJZscAnC/y+ySQ==}
    engines: {node: '>=10'}
    peerDependencies:
      '@types/react': ^16.8.0 || ^17.0.0 || ^18.0.0
      react: ^16.8.0 || ^17.0.0 || ^18.0.0
    peerDependenciesMeta:
      '@types/react':
        optional: true

  react-style-singleton@2.2.1:
    resolution: {integrity: sha512-ZWj0fHEMyWkHzKYUr2Bs/4zU6XLmq9HsgBURm7g5pAVfyn49DgUiNgY2d4lXRlYSiCif9YBGpQleewkcqddc7g==}
    engines: {node: '>=10'}
    peerDependencies:
      '@types/react': ^16.8.0 || ^17.0.0 || ^18.0.0
      react: ^16.8.0 || ^17.0.0 || ^18.0.0
    peerDependenciesMeta:
      '@types/react':
        optional: true

  react@18.3.1:
    resolution: {integrity: sha512-wS+hAgJShR0KhEvPJArfuPVN1+Hz1t0Y6n5jLrGQbkb4urgPE/0Rve+1kMB1v/oWgHgm4WIcV+i7F2pTVj+2iQ==}
    engines: {node: '>=0.10.0'}

  scheduler@0.23.2:
    resolution: {integrity: sha512-UOShsPwz7NrMUqhR6t0hWjFduvOzbtv7toDH1/hIrfRNIDBnnBWd0CwJTGvTpngVlmwGCdP9/Zl/tVrDqcuYzQ==}

  tslib@2.8.1:
    resolution: {integrity: sha512-oJFu94HQb+KVduSUQL7wnpmqnfmLsOA/nAh6b6EH0wCEoK0/mPeXU6c3wKDV83MkOuHPRHtSXKKU99IBazS/2w==}

  use-callback-ref@1.3.2:
    resolution: {integrity: sha512-elOQwe6Q8gqZgDA8mrh44qRTQqpIHDcZ3hXTLjBe1i4ph8XpNJnO+aQf3NaG+lriLopI4HMx9VjQLfPQ6vhnoA==}
    engines: {node: '>=10'}
    peerDependencies:
      '@types/react': ^16.8.0 || ^17.0.0 || ^18.0.0
      react: ^16.8.0 || ^17.0.0 || ^18.0.0
    peerDependenciesMeta:
      '@types/react':
        optional: true

  use-sidecar@1.1.2:
    resolution: {integrity: sha512-epTbsLuzZ7lPClpz2TyryBfztm7m+28DlEv2ZCQ3MDr5ssiwyOwGH/e5F9CkfWjJ1t4clvI58yF822/GUkjjhw==}
    engines: {node: '>=10'}
    peerDependencies:
      '@types/react': ^16.9.0 || ^17.0.0 || ^18.0.0
      react: ^16.8.0 || ^17.0.0 || ^18.0.0
    peerDependenciesMeta:
      '@types/react':
        optional: true

snapshots:

  '@floating-ui/core@1.6.8':
    dependencies:
      '@floating-ui/utils': 0.2.8

  '@floating-ui/dom@1.6.12':
    dependencies:
      '@floating-ui/core': 1.6.8
      '@floating-ui/utils': 0.2.8

  '@floating-ui/react-dom@2.1.2(react-dom@18.3.1(react@18.3.1))(react@18.3.1)':
    dependencies:
      '@floating-ui/dom': 1.6.12
      react: 18.3.1
      react-dom: 18.3.1(react@18.3.1)

  '@floating-ui/utils@0.2.8': {}

  '@radix-ui/number@1.1.0': {}

  '@radix-ui/primitive@1.1.0': {}

  '@radix-ui/react-arrow@1.1.0(react-dom@18.3.1(react@18.3.1))(react@18.3.1)':
    dependencies:
      '@radix-ui/react-primitive': 2.0.0(react-dom@18.3.1(react@18.3.1))(react@18.3.1)
      react: 18.3.1
      react-dom: 18.3.1(react@18.3.1)

  '@radix-ui/react-collection@1.1.0(react-dom@18.3.1(react@18.3.1))(react@18.3.1)':
    dependencies:
      '@radix-ui/react-compose-refs': 1.1.0(react@18.3.1)
      '@radix-ui/react-context': 1.1.0(react@18.3.1)
      '@radix-ui/react-primitive': 2.0.0(react-dom@18.3.1(react@18.3.1))(react@18.3.1)
      '@radix-ui/react-slot': 1.1.0(react@18.3.1)
      react: 18.3.1
      react-dom: 18.3.1(react@18.3.1)

  '@radix-ui/react-compose-refs@1.1.0(react@18.3.1)':
    dependencies:
      react: 18.3.1

  '@radix-ui/react-context@1.1.0(react@18.3.1)':
    dependencies:
      react: 18.3.1

  '@radix-ui/react-context@1.1.1(react@18.3.1)':
    dependencies:
      react: 18.3.1

  '@radix-ui/react-direction@1.1.0(react@18.3.1)':
    dependencies:
      react: 18.3.1

  '@radix-ui/react-dismissable-layer@1.1.1(react-dom@18.3.1(react@18.3.1))(react@18.3.1)':
    dependencies:
      '@radix-ui/primitive': 1.1.0
      '@radix-ui/react-compose-refs': 1.1.0(react@18.3.1)
      '@radix-ui/react-primitive': 2.0.0(react-dom@18.3.1(react@18.3.1))(react@18.3.1)
      '@radix-ui/react-use-callback-ref': 1.1.0(react@18.3.1)
      '@radix-ui/react-use-escape-keydown': 1.1.0(react@18.3.1)
      react: 18.3.1
      react-dom: 18.3.1(react@18.3.1)

  '@radix-ui/react-focus-guards@1.1.1(react@18.3.1)':
    dependencies:
      react: 18.3.1

  '@radix-ui/react-focus-scope@1.1.0(react-dom@18.3.1(react@18.3.1))(react@18.3.1)':
    dependencies:
      '@radix-ui/react-compose-refs': 1.1.0(react@18.3.1)
      '@radix-ui/react-primitive': 2.0.0(react-dom@18.3.1(react@18.3.1))(react@18.3.1)
      '@radix-ui/react-use-callback-ref': 1.1.0(react@18.3.1)
      react: 18.3.1
      react-dom: 18.3.1(react@18.3.1)

  '@radix-ui/react-id@1.1.0(react@18.3.1)':
    dependencies:
      '@radix-ui/react-use-layout-effect': 1.1.0(react@18.3.1)
      react: 18.3.1

  '@radix-ui/react-popper@1.2.0(react-dom@18.3.1(react@18.3.1))(react@18.3.1)':
    dependencies:
      '@floating-ui/react-dom': 2.1.2(react-dom@18.3.1(react@18.3.1))(react@18.3.1)
      '@radix-ui/react-arrow': 1.1.0(react-dom@18.3.1(react@18.3.1))(react@18.3.1)
      '@radix-ui/react-compose-refs': 1.1.0(react@18.3.1)
      '@radix-ui/react-context': 1.1.0(react@18.3.1)
      '@radix-ui/react-primitive': 2.0.0(react-dom@18.3.1(react@18.3.1))(react@18.3.1)
      '@radix-ui/react-use-callback-ref': 1.1.0(react@18.3.1)
      '@radix-ui/react-use-layout-effect': 1.1.0(react@18.3.1)
      '@radix-ui/react-use-rect': 1.1.0(react@18.3.1)
      '@radix-ui/react-use-size': 1.1.0(react@18.3.1)
      '@radix-ui/rect': 1.1.0
      react: 18.3.1
      react-dom: 18.3.1(react@18.3.1)

  '@radix-ui/react-portal@1.1.2(react-dom@18.3.1(react@18.3.1))(react@18.3.1)':
    dependencies:
      '@radix-ui/react-primitive': 2.0.0(react-dom@18.3.1(react@18.3.1))(react@18.3.1)
      '@radix-ui/react-use-layout-effect': 1.1.0(react@18.3.1)
      react: 18.3.1
      react-dom: 18.3.1(react@18.3.1)

  '@radix-ui/react-primitive@2.0.0(react-dom@18.3.1(react@18.3.1))(react@18.3.1)':
    dependencies:
      '@radix-ui/react-slot': 1.1.0(react@18.3.1)
      react: 18.3.1
      react-dom: 18.3.1(react@18.3.1)

  '@radix-ui/react-select@2.1.2(react-dom@18.3.1(react@18.3.1))(react@18.3.1)':
    dependencies:
      '@radix-ui/number': 1.1.0
      '@radix-ui/primitive': 1.1.0
      '@radix-ui/react-collection': 1.1.0(react-dom@18.3.1(react@18.3.1))(react@18.3.1)
      '@radix-ui/react-compose-refs': 1.1.0(react@18.3.1)
      '@radix-ui/react-context': 1.1.1(react@18.3.1)
      '@radix-ui/react-direction': 1.1.0(react@18.3.1)
      '@radix-ui/react-dismissable-layer': 1.1.1(react-dom@18.3.1(react@18.3.1))(react@18.3.1)
      '@radix-ui/react-focus-guards': 1.1.1(react@18.3.1)
      '@radix-ui/react-focus-scope': 1.1.0(react-dom@18.3.1(react@18.3.1))(react@18.3.1)
      '@radix-ui/react-id': 1.1.0(react@18.3.1)
      '@radix-ui/react-popper': 1.2.0(react-dom@18.3.1(react@18.3.1))(react@18.3.1)
      '@radix-ui/react-portal': 1.1.2(react-dom@18.3.1(react@18.3.1))(react@18.3.1)
      '@radix-ui/react-primitive': 2.0.0(react-dom@18.3.1(react@18.3.1))(react@18.3.1)
      '@radix-ui/react-slot': 1.1.0(react@18.3.1)
      '@radix-ui/react-use-callback-ref': 1.1.0(react@18.3.1)
      '@radix-ui/react-use-controllable-state': 1.1.0(react@18.3.1)
      '@radix-ui/react-use-layout-effect': 1.1.0(react@18.3.1)
      '@radix-ui/react-use-previous': 1.1.0(react@18.3.1)
      '@radix-ui/react-visually-hidden': 1.1.0(react-dom@18.3.1(react@18.3.1))(react@18.3.1)
      aria-hidden: 1.2.4
      react: 18.3.1
      react-dom: 18.3.1(react@18.3.1)
      react-remove-scroll: 2.6.0(react@18.3.1)

  '@radix-ui/react-slot@1.1.0(react@18.3.1)':
    dependencies:
      '@radix-ui/react-compose-refs': 1.1.0(react@18.3.1)
      react: 18.3.1

  '@radix-ui/react-use-callback-ref@1.1.0(react@18.3.1)':
    dependencies:
      react: 18.3.1

  '@radix-ui/react-use-controllable-state@1.1.0(react@18.3.1)':
    dependencies:
      '@radix-ui/react-use-callback-ref': 1.1.0(react@18.3.1)
      react: 18.3.1

  '@radix-ui/react-use-escape-keydown@1.1.0(react@18.3.1)':
    dependencies:
      '@radix-ui/react-use-callback-ref': 1.1.0(react@18.3.1)
      react: 18.3.1

  '@radix-ui/react-use-layout-effect@1.1.0(react@18.3.1)':
    dependencies:
      react: 18.3.1

  '@radix-ui/react-use-previous@1.1.0(react@18.3.1)':
    dependencies:
      react: 18.3.1

  '@radix-ui/react-use-rect@1.1.0(react@18.3.1)':
    dependencies:
      '@radix-ui/rect': 1.1.0
      react: 18.3.1

  '@radix-ui/react-use-size@1.1.0(react@18.3.1)':
    dependencies:
      '@radix-ui/react-use-layout-effect': 1.1.0(react@18.3.1)
      react: 18.3.1

  '@radix-ui/react-visually-hidden@1.1.0(react-dom@18.3.1(react@18.3.1))(react@18.3.1)':
    dependencies:
      '@radix-ui/react-primitive': 2.0.0(react-dom@18.3.1(react@18.3.1))(react@18.3.1)
      react: 18.3.1
      react-dom: 18.3.1(react@18.3.1)

  '@radix-ui/rect@1.1.0': {}

  aria-hidden@1.2.4:
    dependencies:
      tslib: 2.8.1

  detect-node-es@1.1.0: {}

  get-nonce@1.0.1: {}

  invariant@2.2.4:
    dependencies:
      loose-envify: 1.4.0

  js-tokens@4.0.0: {}

  loose-envify@1.4.0:
    dependencies:
      js-tokens: 4.0.0

  react-dom@18.3.1(react@18.3.1):
    dependencies:
      loose-envify: 1.4.0
      react: 18.3.1
      scheduler: 0.23.2

  react-remove-scroll-bar@2.3.6(react@18.3.1):
    dependencies:
      react: 18.3.1
      react-style-singleton: 2.2.1(react@18.3.1)
      tslib: 2.8.1

  react-remove-scroll@2.6.0(react@18.3.1):
    dependencies:
      react: 18.3.1
      react-remove-scroll-bar: 2.3.6(react@18.3.1)
      react-style-singleton: 2.2.1(react@18.3.1)
      tslib: 2.8.1
      use-callback-ref: 1.3.2(react@18.3.1)
      use-sidecar: 1.1.2(react@18.3.1)

  react-style-singleton@2.2.1(react@18.3.1):
    dependencies:
      get-nonce: 1.0.1
      invariant: 2.2.4
      react: 18.3.1
      tslib: 2.8.1

  react@18.3.1:
    dependencies:
      loose-envify: 1.4.0

  scheduler@0.23.2:
    dependencies:
      loose-envify: 1.4.0

  tslib@2.8.1: {}

  use-callback-ref@1.3.2(react@18.3.1):
    dependencies:
      react: 18.3.1
      tslib: 2.8.1

  use-sidecar@1.1.2(react@18.3.1):
    dependencies:
      detect-node-es: 1.1.0
      react: 18.3.1
      tslib: 2.8.1
